
Microsoft Visual Studio Solution File, Format Version 12.00
# Visual Studio Version 16
VisualStudioVersion = 16.0.31424.327
MinimumVisualStudioVersion = 10.0.40219.1
Project("{FAE04EC0-301F-11D3-BF4B-00C04F79EFBC}") = "WebAppOGL", "WebAppOGL\WebAppOGL.csproj", "{BB567138-3A03-4B1D-AA74-DBE507C1BEDF}"
EndProject
Project("{FAE04EC0-301F-11D3-BF4B-00C04F79EFBC}") = "WebAppOGL.Tests", "WebAppOGL.Tests\WebAppOGL.Tests.csproj", "{A5CB01B8-26FC-4A8F-B9DF-705824893B27}"
EndProject
Global
	GlobalSection(SolutionConfigurationPlatforms) = preSolution
		Debug|Any CPU = Debug|Any CPU
		Release|Any CPU = Release|Any CPU
	EndGlobalSection
	GlobalSection(ProjectConfigurationPlatforms) = postSolution
		{BB567138-3A03-4B1D-AA74-DBE507C1BEDF}.Debug|Any CPU.ActiveCfg = Debug|Any CPU
		{BB567138-3A03-4B1D-AA74-DBE507C1BEDF}.Debug|Any CPU.Build.0 = Debug|Any CPU
		{BB567138-3A03-4B1D-AA74-DBE507C1BEDF}.Release|Any CPU.ActiveCfg = Release|Any CPU
		{BB567138-3A03-4B1D-AA74-DBE507C1BEDF}.Release|Any CPU.Build.0 = Release|Any CPU
		{A5CB01B8-26FC-4A8F-B9DF-705824893B27}.Debug|Any CPU.ActiveCfg = Debug|Any CPU
		{A5CB01B8-26FC-4A8F-B9DF-705824893B27}.Debug|Any CPU.Build.0 = Debug|Any CPU
		{A5CB01B8-26FC-4A8F-B9DF-705824893B27}.Release|Any CPU.ActiveCfg = Release|Any CPU
		{A5CB01B8-26FC-4A8F-B9DF-705824893B27}.Release|Any CPU.Build.0 = Release|Any CPU
	EndGlobalSection
	GlobalSection(SolutionProperties) = preSolution
		HideSolutionNode = FALSE
	EndGlobalSection
	GlobalSection(ExtensibilityGlobals) = postSolution
		SolutionGuid = {CCA7A822-1001-4534-A6C0-705230FE3AD5}
	EndGlobalSection
EndGlobal
